
Microsoft Visual Studio Solution File, Format Version 12.00
# Visual Studio Version 17
VisualStudioVersion = 17.0.31903.59
MinimumVisualStudioVersion = 10.0.40219.1
Project("{2150E333-8FDC-42A3-9474-1A3956D46DE8}") = "src", "src", "{6CED68DE-5773-4586-BDA1-20B63F4E5DBB}"
EndProject
Project("{FAE04EC0-301F-11D3-BF4B-00C04F79EFBC}") = "Legends", "src\Legends\Legends.csproj", "{B6F67BA2-E0F7-4E63-83D2-F093694C6C02}"
EndProject
Project("{FAE04EC0-301F-11D3-BF4B-00C04F79EFBC}") = "TestSwappables", "test\TestSwappables.csproj", "{DBAFE6BD-B5C9-49D2-AD96-AACE30212D8F}"
EndProject
Global
	GlobalSection(SolutionConfigurationPlatforms) = preSolution
		Debug|Any CPU = Debug|Any CPU
		Release|Any CPU = Release|Any CPU
	EndGlobalSection
	GlobalSection(SolutionProperties) = preSolution
		HideSolutionNode = FALSE
	EndGlobalSection
	GlobalSection(ProjectConfigurationPlatforms) = postSolution
		{B6F67BA2-E0F7-4E63-83D2-F093694C6C02}.Debug|Any CPU.ActiveCfg = Debug|Any CPU
		{B6F67BA2-E0F7-4E63-83D2-F093694C6C02}.Debug|Any CPU.Build.0 = Debug|Any CPU
		{B6F67BA2-E0F7-4E63-83D2-F093694C6C02}.Release|Any CPU.ActiveCfg = Release|Any CPU
		{B6F67BA2-E0F7-4E63-83D2-F093694C6C02}.Release|Any CPU.Build.0 = Release|Any CPU
		{DBAFE6BD-B5C9-49D2-AD96-AACE30212D8F}.Debug|Any CPU.ActiveCfg = Debug|Any CPU
		{DBAFE6BD-B5C9-49D2-AD96-AACE30212D8F}.Debug|Any CPU.Build.0 = Debug|Any CPU
		{DBAFE6BD-B5C9-49D2-AD96-AACE30212D8F}.Release|Any CPU.ActiveCfg = Release|Any CPU
		{DBAFE6BD-B5C9-49D2-AD96-AACE30212D8F}.Release|Any CPU.Build.0 = Release|Any CPU
	EndGlobalSection
	GlobalSection(NestedProjects) = preSolution
		{B6F67BA2-E0F7-4E63-83D2-F093694C6C02} = {6CED68DE-5773-4586-BDA1-20B63F4E5DBB}
	EndGlobalSection
EndGlobal
